{
  "requires": true,
  "lockfileVersion": 1,
  "dependencies": {
    "react-native-responsive-dimensions": {
      "version": "2.0.1",
      "resolved": "https://registry.npmjs.org/react-native-responsive-dimensions/-/react-native-responsive-dimensions-2.0.1.tgz",
      "integrity": "sha512-fVSJEfwR353IvNSLtwwv7asAU4BAqd/wXQWeiyKyasn5pqpn/X0w0u7Tc0QWwsQch8lywz3npMjMThXgXkptuQ=="
    }
  }
}
